// !$*UTF8*$!
{
	archiveVersion = 1;
	classes = {
	};
	objectVersion = 50;
	objects = {

/* Begin PBXBuildFile section */
		75383C97228AE57E00DEE5D6 /* 5s.mp3 in Resources */ = {isa = PBXBuildFile; fileRef = 75383C96228AE57E00DEE5D6 /* 5s.mp3 */; };
		757BC56922FFB4E5007DAEBF /* Game24ViewController.swift in Sources */ = {isa = PBXBuildFile; fileRef = 757BC56822FFB4E5007DAEBF /* Game24ViewController.swift */; };
		759C21B7224E5A4100197EF4 /* HttpGrabViewController.swift in Sources */ = {isa = PBXBuildFile; fileRef = 759C21B6224E5A4100197EF4 /* HttpGrabViewController.swift */; };
		75B29D08229005B40093CCE6 /* ReadController.swift in Sources */ = {isa = PBXBuildFile; fileRef = 75B29D07229005B40093CCE6 /* ReadController.swift */; };
		75B7054622688538004E420F /* MyBaseViewController.swift in Sources */ = {isa = PBXBuildFile; fileRef = 75B7054522688538004E420F /* MyBaseViewController.swift */; };
		75C7D1D922732D980050B93B /* GrabUrlHolder.swift in Sources */ = {isa = PBXBuildFile; fileRef = 75C7D1D822732D980050B93B /* GrabUrlHolder.swift */; };
		75E60A932335B5A400D0CFBB /* TimeCounterViewController.swift in Sources */ = {isa = PBXBuildFile; fileRef = 75E60A922335B5A400D0CFBB /* TimeCounterViewController.swift */; };
		75E60A952335B7C300D0CFBB /* TimerPickerViewController.swift in Sources */ = {isa = PBXBuildFile; fileRef = 75E60A942335B7C300D0CFBB /* TimerPickerViewController.swift */; };
		75ECAA2B226B3C4A00F762A0 /* GrabListController.swift in Sources */ = {isa = PBXBuildFile; fileRef = 75ECAA2A226B3C4A00F762A0 /* GrabListController.swift */; };
		75F1B24A2245113700610496 /* AppDelegate.swift in Sources */ = {isa = PBXBuildFile; fileRef = 75F1B2492245113700610496 /* AppDelegate.swift */; };
		75F1B24C2245113700610496 /* MainViewController.swift in Sources */ = {isa = PBXBuildFile; fileRef = 75F1B24B2245113700610496 /* MainViewController.swift */; };
		75F1B24F2245113700610496 /* Main.storyboard in Resources */ = {isa = PBXBuildFile; fileRef = 75F1B24D2245113700610496 /* Main.storyboard */; };
		75F1B2512245113900610496 /* Assets.xcassets in Resources */ = {isa = PBXBuildFile; fileRef = 75F1B2502245113900610496 /* Assets.xcassets */; };
		75F1B2542245113900610496 /* LaunchScreen.storyboard in Resources */ = {isa = PBXBuildFile; fileRef = 75F1B2522245113900610496 /* LaunchScreen.storyboard */; };
		75F1B25F2245113900610496 /* GetBlueTests.swift in Sources */ = {isa = PBXBuildFile; fileRef = 75F1B25E2245113900610496 /* GetBlueTests.swift */; };
		75F1B26A2245113900610496 /* GetBlueUITests.swift in Sources */ = {isa = PBXBuildFile; fileRef = 75F1B2692245113900610496 /* GetBlueUITests.swift */; };
/* End PBXBuildFile section */

/* Begin PBXContainerItemProxy section */
		75F1B25B2245113900610496 /* PBXContainerItemProxy */ = {
			isa = PBXContainerItemProxy;
			containerPortal = 75F1B23E2245113700610496 /* Project object */;
			proxyType = 1;
			remoteGlobalIDString = 75F1B2452245113700610496;
			remoteInfo = GetBlue;
		};
		75F1B2662245113900610496 /* PBXContainerItemProxy */ = {
			isa = PBXContainerItemProxy;
			containerPortal = 75F1B23E2245113700610496 /* Project object */;
			proxyType = 1;
			remoteGlobalIDString = 75F1B2452245113700610496;
			remoteInfo = GetBlue;
		};
/* End PBXContainerItemProxy section */

/* Begin PBXFileReference section */
		75383C96228AE57E00DEE5D6 /* 5s.mp3 */ = {isa = PBXFileReference; lastKnownFileType = audio.mp3; path = 5s.mp3; sourceTree = "<group>"; };
		757BC56822FFB4E5007DAEBF /* Game24ViewController.swift */ = {isa = PBXFileReference; lastKnownFileType = sourcecode.swift; path = Game24ViewController.swift; sourceTree = "<group>"; };
		759C21B6224E5A4100197EF4 /* HttpGrabViewController.swift */ = {isa = PBXFileReference; lastKnownFileType = sourcecode.swift; path = HttpGrabViewController.swift; sourceTree = "<group>"; };
		75B29D07229005B40093CCE6 /* ReadController.swift */ = {isa = PBXFileReference; lastKnownFileType = sourcecode.swift; path = ReadController.swift; sourceTree = "<group>"; };
		75B7054522688538004E420F /* MyBaseViewController.swift */ = {isa = PBXFileReference; lastKnownFileType = sourcecode.swift; path = MyBaseViewController.swift; sourceTree = "<group>"; };
		75C7D1D822732D980050B93B /* GrabUrlHolder.swift */ = {isa = PBXFileReference; lastKnownFileType = sourcecode.swift; path = GrabUrlHolder.swift; sourceTree = "<group>"; };
		75E60A922335B5A400D0CFBB /* TimeCounterViewController.swift */ = {isa = PBXFileReference; lastKnownFileType = sourcecode.swift; path = TimeCounterViewController.swift; sourceTree = "<group>"; };
		75E60A942335B7C300D0CFBB /* TimerPickerViewController.swift */ = {isa = PBXFileReference; lastKnownFileType = sourcecode.swift; path = TimerPickerViewController.swift; sourceTree = "<group>"; };
		75ECAA2A226B3C4A00F762A0 /* GrabListController.swift */ = {isa = PBXFileReference; lastKnownFileType = sourcecode.swift; path = GrabListController.swift; sourceTree = "<group>"; };
		75F1B2462245113700610496 /* GetBlue.app */ = {isa = PBXFileReference; explicitFileType = wrapper.application; includeInIndex = 0; path = GetBlue.app; sourceTree = BUILT_PRODUCTS_DIR; };
		75F1B2492245113700610496 /* AppDelegate.swift */ = {isa = PBXFileReference; lastKnownFileType = sourcecode.swift; path = AppDelegate.swift; sourceTree = "<group>"; };
		75F1B24B2245113700610496 /* MainViewController.swift */ = {isa = PBXFileReference; lastKnownFileType = sourcecode.swift; path = MainViewController.swift; sourceTree = "<group>"; };
		75F1B24E2245113700610496 /* Base */ = {isa = PBXFileReference; lastKnownFileType = file.storyboard; name = Base; path = Base.lproj/Main.storyboard; sourceTree = "<group>"; };
		75F1B2502245113900610496 /* Assets.xcassets */ = {isa = PBXFileReference; lastKnownFileType = folder.assetcatalog; path = Assets.xcassets; sourceTree = "<group>"; };
		75F1B2532245113900610496 /* Base */ = {isa = PBXFileReference; lastKnownFileType = file.storyboard; name = Base; path = Base.lproj/LaunchScreen.storyboard; sourceTree = "<group>"; };
		75F1B2552245113900610496 /* Info.plist */ = {isa = PBXFileReference; lastKnownFileType = text.plist.xml; path = Info.plist; sourceTree = "<group>"; };
		75F1B25A2245113900610496 /* GetBlueTests.xctest */ = {isa = PBXFileReference; explicitFileType = wrapper.cfbundle; includeInIndex = 0; path = GetBlueTests.xctest; sourceTree = BUILT_PRODUCTS_DIR; };
		75F1B25E2245113900610496 /* GetBlueTests.swift */ = {isa = PBXFileReference; lastKnownFileType = sourcecode.swift; path = GetBlueTests.swift; sourceTree = "<group>"; };
		75F1B2602245113900610496 /* Info.plist */ = {isa = PBXFileReference; lastKnownFileType = text.plist.xml; path = Info.plist; sourceTree = "<group>"; };
		75F1B2652245113900610496 /* GetBlueUITests.xctest */ = {isa = PBXFileReference; explicitFileType = wrapper.cfbundle; includeInIndex = 0; path = GetBlueUITests.xctest; sourceTree = BUILT_PRODUCTS_DIR; };
		75F1B2692245113900610496 /* GetBlueUITests.swift */ = {isa = PBXFileReference; lastKnownFileType = sourcecode.swift; path = GetBlueUITests.swift; sourceTree = "<group>"; };
		75F1B26B2245113900610496 /* Info.plist */ = {isa = PBXFileReference; lastKnownFileType = text.plist.xml; path = Info.plist; sourceTree = "<group>"; };
/* End PBXFileReference section */

/* Begin PBXFrameworksBuildPhase section */
		75F1B2432245113700610496 /* Frameworks */ = {
			isa = PBXFrameworksBuildPhase;
			buildActionMask = 2147483647;
			files = (
			);
			runOnlyForDeploymentPostprocessing = 0;
		};
		75F1B2572245113900610496 /* Frameworks */ = {
			isa = PBXFrameworksBuildPhase;
			buildActionMask = 2147483647;
			files = (
			);
			runOnlyForDeploymentPostprocessing = 0;
		};
		75F1B2622245113900610496 /* Frameworks */ = {
			isa = PBXFrameworksBuildPhase;
			buildActionMask = 2147483647;
			files = (
			);
			runOnlyForDeploymentPostprocessing = 0;
		};
/* End PBXFrameworksBuildPhase section */

/* Begin PBXGroup section */
		7511C552228FA4CF00B28708 /* res */ = {
			isa = PBXGroup;
			children = (
			);
			path = res;
			sourceTree = "<group>";
		};
		75C7D1D722732D5C0050B93B /* Data */ = {
			isa = PBXGroup;
			children = (
				75C7D1D822732D980050B93B /* GrabUrlHolder.swift */,
			);
			path = Data;
			sourceTree = "<group>";
		};
		75ECAA29226B36DF00F762A0 /* Controller */ = {
			isa = PBXGroup;
			children = (
				75B7054522688538004E420F /* MyBaseViewController.swift */,
				75F1B24B2245113700610496 /* MainViewController.swift */,
				759C21B6224E5A4100197EF4 /* HttpGrabViewController.swift */,
				75ECAA2A226B3C4A00F762A0 /* GrabListController.swift */,
				75B29D07229005B40093CCE6 /* ReadController.swift */,
				757BC56822FFB4E5007DAEBF /* Game24ViewController.swift */,
				75E60A922335B5A400D0CFBB /* TimeCounterViewController.swift */,
				75E60A942335B7C300D0CFBB /* TimerPickerViewController.swift */,
			);
			path = Controller;
			sourceTree = "<group>";
		};
		75F1B23D2245113700610496 = {
			isa = PBXGroup;
			children = (
				75F1B2482245113700610496 /* GetBlue */,
				75F1B25D2245113900610496 /* GetBlueTests */,
				75F1B2682245113900610496 /* GetBlueUITests */,
				75F1B2472245113700610496 /* Products */,
			);
			sourceTree = "<group>";
		};
		75F1B2472245113700610496 /* Products */ = {
			isa = PBXGroup;
			children = (
				75F1B2462245113700610496 /* GetBlue.app */,
				75F1B25A2245113900610496 /* GetBlueTests.xctest */,
				75F1B2652245113900610496 /* GetBlueUITests.xctest */,
			);
			name = Products;
			sourceTree = "<group>";
		};
		75F1B2482245113700610496 /* GetBlue */ = {
			isa = PBXGroup;
			children = (
				7511C552228FA4CF00B28708 /* res */,
				75C7D1D722732D5C0050B93B /* Data */,
				75ECAA29226B36DF00F762A0 /* Controller */,
				75F1B2492245113700610496 /* AppDelegate.swift */,
				75F1B24D2245113700610496 /* Main.storyboard */,
				75F1B2522245113900610496 /* LaunchScreen.storyboard */,
				75383C96228AE57E00DEE5D6 /* 5s.mp3 */,
				75F1B2502245113900610496 /* Assets.xcassets */,
				75F1B2552245113900610496 /* Info.plist */,
			);
			path = GetBlue;
			sourceTree = "<group>";
		};
		75F1B25D2245113900610496 /* GetBlueTests */ = {
			isa = PBXGroup;
			children = (
				75F1B25E2245113900610496 /* GetBlueTests.swift */,
				75F1B2602245113900610496 /* Info.plist */,
			);
			path = GetBlueTests;
			sourceTree = "<group>";
		};
		75F1B2682245113900610496 /* GetBlueUITests */ = {
			isa = PBXGroup;
			children = (
				75F1B2692245113900610496 /* GetBlueUITests.swift */,
				75F1B26B2245113900610496 /* Info.plist */,
			);
			path = GetBlueUITests;
			sourceTree = "<group>";
		};
/* End PBXGroup section */

/* Begin PBXNativeTarget section */
		75F1B2452245113700610496 /* GetBlue */ = {
			isa = PBXNativeTarget;
			buildConfigurationList = 75F1B26E2245113900610496 /* Build configuration list for PBXNativeTarget "GetBlue" */;
			buildPhases = (
				75F1B2422245113700610496 /* Sources */,
				75F1B2432245113700610496 /* Frameworks */,
				75F1B2442245113700610496 /* Resources */,
			);
			buildRules = (
			);
			dependencies = (
			);
			name = GetBlue;
			productName = GetBlue;
			productReference = 75F1B2462245113700610496 /* GetBlue.app */;
			productType = "com.apple.product-type.application";
		};
		75F1B2592245113900610496 /* GetBlueTests */ = {
			isa = PBXNativeTarget;
			buildConfigurationList = 75F1B2712245113900610496 /* Build configuration list for PBXNativeTarget "GetBlueTests" */;
			buildPhases = (
				75F1B2562245113900610496 /* Sources */,
				75F1B2572245113900610496 /* Frameworks */,
				75F1B2582245113900610496 /* Resources */,
			);
			buildRules = (
			);
			dependencies = (
				75F1B25C2245113900610496 /* PBXTargetDependency */,
			);
			name = GetBlueTests;
			productName = GetBlueTests;
			productReference = 75F1B25A2245113900610496 /* GetBlueTests.xctest */;
			productType = "com.apple.product-type.bundle.unit-test";
		};
		75F1B2642245113900610496 /* GetBlueUITests */ = {
			isa = PBXNativeTarget;
			buildConfigurationList = 75F1B2742245113900610496 /* Build configuration list for PBXNativeTarget "GetBlueUITests" */;
			buildPhases = (
				75F1B2612245113900610496 /* Sources */,
				75F1B2622245113900610496 /* Frameworks */,
				75F1B2632245113900610496 /* Resources */,
			);
			buildRules = (
			);
			dependencies = (
				75F1B2672245113900610496 /* PBXTargetDependency */,
			);
			name = GetBlueUITests;
			productName = GetBlueUITests;
			productReference = 75F1B2652245113900610496 /* GetBlueUITests.xctest */;
			productType = "com.apple.product-type.bundle.ui-testing";
		};
/* End PBXNativeTarget section */

/* Begin PBXProject section */
		75F1B23E2245113700610496 /* Project object */ = {
			isa = PBXProject;
			attributes = {
				LastSwiftUpdateCheck = 1010;
				LastUpgradeCheck = 1010;
				ORGANIZATIONNAME = "Steve Wang";
				TargetAttributes = {
					75F1B2452245113700610496 = {
						CreatedOnToolsVersion = 10.1;
						SystemCapabilities = {
							com.apple.BackgroundModes = {
								enabled = 1;
							};
						};
					};
					75F1B2592245113900610496 = {
						CreatedOnToolsVersion = 10.1;
						TestTargetID = 75F1B2452245113700610496;
					};
					75F1B2642245113900610496 = {
						CreatedOnToolsVersion = 10.1;
						TestTargetID = 75F1B2452245113700610496;
					};
				};
			};
			buildConfigurationList = 75F1B2412245113700610496 /* Build configuration list for PBXProject "GetBlue" */;
			compatibilityVersion = "Xcode 9.3";
			developmentRegion = en;
			hasScannedForEncodings = 0;
			knownRegions = (
				en,
				Base,
			);
			mainGroup = 75F1B23D2245113700610496;
			productRefGroup = 75F1B2472245113700610496 /* Products */;
			projectDirPath = "";
			projectRoot = "";
			targets = (
				75F1B2452245113700610496 /* GetBlue */,
				75F1B2592245113900610496 /* GetBlueTests */,
				75F1B2642245113900610496 /* GetBlueUITests */,
			);
		};
/* End PBXProject section */

/* Begin PBXResourcesBuildPhase section */
		75F1B2442245113700610496 /* Resources */ = {
			isa = PBXResourcesBuildPhase;
			buildActionMask = 2147483647;
			files = (
				75383C97228AE57E00DEE5D6 /* 5s.mp3 in Resources */,
				75F1B2542245113900610496 /* LaunchScreen.storyboard in Resources */,
				75F1B2512245113900610496 /* Assets.xcassets in Resources */,
				75F1B24F2245113700610496 /* Main.storyboard in Resources */,
			);
			runOnlyForDeploymentPostprocessing = 0;
		};
		75F1B2582245113900610496 /* Resources */ = {
			isa = PBXResourcesBuildPhase;
			buildActionMask = 2147483647;
			files = (
			);
			runOnlyForDeploymentPostprocessing = 0;
		};
		75F1B2632245113900610496 /* Resources */ = {
			isa = PBXResourcesBuildPhase;
			buildActionMask = 2147483647;
			files = (
			);
			runOnlyForDeploymentPostprocessing = 0;
		};
/* End PBXResourcesBuildPhase section */

/* Begin PBXSourcesBuildPhase section */
		75F1B2422245113700610496 /* Sources */ = {
			isa = PBXSourcesBuildPhase;
			buildActionMask = 2147483647;
			files = (
				75E60A952335B7C300D0CFBB /* TimerPickerViewController.swift in Sources */,
				759C21B7224E5A4100197EF4 /* HttpGrabViewController.swift in Sources */,
				75B7054622688538004E420F /* MyBaseViewController.swift in Sources */,
				75E60A932335B5A400D0CFBB /* TimeCounterViewController.swift in Sources */,
				75ECAA2B226B3C4A00F762A0 /* GrabListController.swift in Sources */,
				75F1B24C2245113700610496 /* MainViewController.swift in Sources */,
				757BC56922FFB4E5007DAEBF /* Game24ViewController.swift in Sources */,
				75F1B24A2245113700610496 /* AppDelegate.swift in Sources */,
				75B29D08229005B40093CCE6 /* ReadController.swift in Sources */,
				75C7D1D922732D980050B93B /* GrabUrlHolder.swift in Sources */,
			);
			runOnlyForDeploymentPostprocessing = 0;
		};
		75F1B2562245113900610496 /* Sources */ = {
			isa = PBXSourcesBuildPhase;
			buildActionMask = 2147483647;
			files = (
				75F1B25F2245113900610496 /* GetBlueTests.swift in Sources */,
			);
			runOnlyForDeploymentPostprocessing = 0;
		};
		75F1B2612245113900610496 /* Sources */ = {
			isa = PBXSourcesBuildPhase;
			buildActionMask = 2147483647;
			files = (
				75F1B26A2245113900610496 /* GetBlueUITests.swift in Sources */,
			);
			runOnlyForDeploymentPostprocessing = 0;
		};
/* End PBXSourcesBuildPhase section */

/* Begin PBXTargetDependency section */
		75F1B25C2245113900610496 /* PBXTargetDependency */ = {
			isa = PBXTargetDependency;
			target = 75F1B2452245113700610496 /* GetBlue */;
			targetProxy = 75F1B25B2245113900610496 /* PBXContainerItemProxy */;
		};
		75F1B2672245113900610496 /* PBXTargetDependency */ = {
			isa = PBXTargetDependency;
			target = 75F1B2452245113700610496 /* GetBlue */;
			targetProxy = 75F1B2662245113900610496 /* PBXContainerItemProxy */;
		};
/* End PBXTargetDependency section */

/* Begin PBXVariantGroup section */
		75F1B24D2245113700610496 /* Main.storyboard */ = {
			isa = PBXVariantGroup;
			children = (
				75F1B24E2245113700610496 /* Base */,
			);
			name = Main.storyboard;
			sourceTree = "<group>";
		};
		75F1B2522245113900610496 /* LaunchScreen.storyboard */ = {
			isa = PBXVariantGroup;
			children = (
				75F1B2532245113900610496 /* Base */,
			);
			name = LaunchScreen.storyboard;
			sourceTree = "<group>";
		};
/* End PBXVariantGroup section */

/* Begin XCBuildConfiguration section */
		75F1B26C2245113900610496 /* Debug */ = {
			isa = XCBuildConfiguration;
			buildSettings = {
				ALWAYS_SEARCH_USER_PATHS = NO;
				CLANG_ANALYZER_NONNULL = YES;
				CLANG_ANALYZER_NUMBER_OBJECT_CONVERSION = YES_AGGRESSIVE;
				CLANG_CXX_LANGUAGE_STANDARD = "gnu++14";
				CLANG_CXX_LIBRARY = "libc++";
				CLANG_ENABLE_MODULES = YES;
				CLANG_ENABLE_OBJC_ARC = YES;
				CLANG_ENABLE_OBJC_WEAK = YES;
				CLANG_WARN_BLOCK_CAPTURE_AUTORELEASING = YES;
				CLANG_WARN_BOOL_CONVERSION = YES;
				CLANG_WARN_COMMA = YES;
				CLANG_WARN_CONSTANT_CONVERSION = YES;
				CLANG_WARN_DEPRECATED_OBJC_IMPLEMENTATIONS = YES;
				CLANG_WARN_DIRECT_OBJC_ISA_USAGE = YES_ERROR;
				CLANG_WARN_DOCUMENTATION_COMMENTS = YES;
				CLANG_WARN_EMPTY_BODY = YES;
				CLANG_WARN_ENUM_CONVERSION = YES;
				CLANG_WARN_INFINITE_RECURSION = YES;
				CLANG_WARN_INT_CONVERSION = YES;
				CLANG_WARN_NON_LITERAL_NULL_CONVERSION = YES;
				CLANG_WARN_OBJC_IMPLICIT_RETAIN_SELF = YES;
				CLANG_WARN_OBJC_LITERAL_CONVERSION = YES;
				CLANG_WARN_OBJC_ROOT_CLASS = YES_ERROR;
				CLANG_WARN_RANGE_LOOP_ANALYSIS = YES;
				CLANG_WARN_STRICT_PROTOTYPES = YES;
				CLANG_WARN_SUSPICIOUS_MOVE = YES;
				CLANG_WARN_UNGUARDED_AVAILABILITY = YES_AGGRESSIVE;
				CLANG_WARN_UNREACHABLE_CODE = YES;
				CLANG_WARN__DUPLICATE_METHOD_MATCH = YES;
				CODE_SIGN_IDENTITY = "iPhone Developer";
				COPY_PHASE_STRIP = NO;
				DEBUG_INFORMATION_FORMAT = dwarf;
				ENABLE_STRICT_OBJC_MSGSEND = YES;
				ENABLE_TESTABILITY = YES;
				GCC_C_LANGUAGE_STANDARD = gnu11;
				GCC_DYNAMIC_NO_PIC = NO;
				GCC_NO_COMMON_BLOCKS = YES;
				GCC_OPTIMIZATION_LEVEL = 0;
				GCC_PREPROCESSOR_DEFINITIONS = (
					"DEBUG=1",
					"$(inherited)",
				);
				GCC_WARN_64_TO_32_BIT_CONVERSION = YES;
				GCC_WARN_ABOUT_RETURN_TYPE = YES_ERROR;
				GCC_WARN_UNDECLARED_SELECTOR = YES;
				GCC_WARN_UNINITIALIZED_AUTOS = YES_AGGRESSIVE;
				GCC_WARN_UNUSED_FUNCTION = YES;
				GCC_WARN_UNUSED_VARIABLE = YES;
				IPHONEOS_DEPLOYMENT_TARGET = 12.1;
				MTL_ENABLE_DEBUG_INFO = INCLUDE_SOURCE;
				MTL_FAST_MATH = YES;
				ONLY_ACTIVE_ARCH = YES;
				SDKROOT = iphoneos;
				SWIFT_ACTIVE_COMPILATION_CONDITIONS = DEBUG;
				SWIFT_OPTIMIZATION_LEVEL = "-Onone";
			};
			name = Debug;
		};
		75F1B26D2245113900610496 /* Release */ = {
			isa = XCBuildConfiguration;
			buildSettings = {
				ALWAYS_SEARCH_USER_PATHS = NO;
				CLANG_ANALYZER_NONNULL = YES;
				CLANG_ANALYZER_NUMBER_OBJECT_CONVERSION = YES_AGGRESSIVE;
				CLANG_CXX_LANGUAGE_STANDARD = "gnu++14";
				CLANG_CXX_LIBRARY = "libc++";
				CLANG_ENABLE_MODULES = YES;
				CLANG_ENABLE_OBJC_ARC = YES;
				CLANG_ENABLE_OBJC_WEAK = YES;
				CLANG_WARN_BLOCK_CAPTURE_AUTORELEASING = YES;
				CLANG_WARN_BOOL_CONVERSION = YES;
				CLANG_WARN_COMMA = YES;
				CLANG_WARN_CONSTANT_CONVERSION = YES;
				CLANG_WARN_DEPRECATED_OBJC_IMPLEMENTATIONS = YES;
				CLANG_WARN_DIRECT_OBJC_ISA_USAGE = YES_ERROR;
				CLANG_WARN_DOCUMENTATION_COMMENTS = YES;
				CLANG_WARN_EMPTY_BODY = YES;
				CLANG_WARN_ENUM_CONVERSION = YES;
				CLANG_WARN_INFINITE_RECURSION = YES;
				CLANG_WARN_INT_CONVERSION = YES;
				CLANG_WARN_NON_LITERAL_NULL_CONVERSION = YES;
				CLANG_WARN_OBJC_IMPLICIT_RETAIN_SELF = YES;
				CLANG_WARN_OBJC_LITERAL_CONVERSION = YES;
				CLANG_WARN_OBJC_ROOT_CLASS = YES_ERROR;
				CLANG_WARN_RANGE_LOOP_ANALYSIS = YES;
				CLANG_WARN_STRICT_PROTOTYPES = YES;
				CLANG_WARN_SUSPICIOUS_MOVE = YES;
				CLANG_WARN_UNGUARDED_AVAILABILITY = YES_AGGRESSIVE;
				CLANG_WARN_UNREACHABLE_CODE = YES;
				CLANG_WARN__DUPLICATE_METHOD_MATCH = YES;
				CODE_SIGN_IDENTITY = "iPhone Developer";
				COPY_PHASE_STRIP = NO;
				DEBUG_INFORMATION_FORMAT = "dwarf-with-dsym";
				ENABLE_NS_ASSERTIONS = NO;
				ENABLE_STRICT_OBJC_MSGSEND = YES;
				GCC_C_LANGUAGE_STANDARD = gnu11;
				GCC_NO_COMMON_BLOCKS = YES;
				GCC_WARN_64_TO_32_BIT_CONVERSION = YES;
				GCC_WARN_ABOUT_RETURN_TYPE = YES_ERROR;
				GCC_WARN_UNDECLARED_SELECTOR = YES;
				GCC_WARN_UNINITIALIZED_AUTOS = YES_AGGRESSIVE;
				GCC_WARN_UNUSED_FUNCTION = YES;
				GCC_WARN_UNUSED_VARIABLE = YES;
				IPHONEOS_DEPLOYMENT_TARGET = 12.1;
				MTL_ENABLE_DEBUG_INFO = NO;
				MTL_FAST_MATH = YES;
				SDKROOT = iphoneos;
				SWIFT_COMPILATION_MODE = wholemodule;
				SWIFT_OPTIMIZATION_LEVEL = "-O";
				VALIDATE_PRODUCT = YES;
			};
			name = Release;
		};
		75F1B26F2245113900610496 /* Debug */ = {
			isa = XCBuildConfiguration;
			buildSettings = {
				ASSETCATALOG_COMPILER_APPICON_NAME = AppIcon;
				CODE_SIGN_STYLE = Automatic;
				DEVELOPMENT_TEAM = 8P755HD7DT;
				INFOPLIST_FILE = GetBlue/Info.plist;
				IPHONEOS_DEPLOYMENT_TARGET = 11.0;
				LD_RUNPATH_SEARCH_PATHS = (
					"$(inherited)",
					"@executable_path/Frameworks",
				);
				PRODUCT_BUNDLE_IDENTIFIER = com.dmm.GetBlue;
				PRODUCT_NAME = "$(TARGET_NAME)";
				SWIFT_VERSION = 4.2;
				TARGETED_DEVICE_FAMILY = "1,2";
			};
			name = Debug;
		};
		75F1B2702245113900610496 /* Release */ = {
			isa = XCBuildConfiguration;
			buildSettings = {
				ASSETCATALOG_COMPILER_APPICON_NAME = AppIcon;
				CODE_SIGN_STYLE = Automatic;
				DEVELOPMENT_TEAM = 8P755HD7DT;
				INFOPLIST_FILE = GetBlue/Info.plist;
				IPHONEOS_DEPLOYMENT_TARGET = 11.0;
				LD_RUNPATH_SEARCH_PATHS = (
					"$(inherited)",
					"@executable_path/Frameworks",
				);
				PRODUCT_BUNDLE_IDENTIFIER = com.dmm.GetBlue;
				PRODUCT_NAME = "$(TARGET_NAME)";
				SWIFT_VERSION = 4.2;
				TARGETED_DEVICE_FAMILY = "1,2";
			};
			name = Release;
		};
		75F1B2722245113900610496 /* Debug */ = {
			isa = XCBuildConfiguration;
			buildSettings = {
				ALWAYS_EMBED_SWIFT_STANDARD_LIBRARIES = YES;
				BUNDLE_LOADER = "$(TEST_HOST)";
				CODE_SIGN_STYLE = Automatic;
				INFOPLIST_FILE = GetBlueTests/Info.plist;
				LD_RUNPATH_SEARCH_PATHS = (
					"$(inherited)",
					"@executable_path/Frameworks",
					"@loader_path/Frameworks",
				);
				PRODUCT_BUNDLE_IDENTIFIER = com.dmm.GetBlueTests;
				PRODUCT_NAME = "$(TARGET_NAME)";
				SWIFT_VERSION = 4.2;
				TARGETED_DEVICE_FAMILY = "1,2";
				TEST_HOST = "$(BUILT_PRODUCTS_DIR)/GetBlue.app/GetBlue";
			};
			name = Debug;
		};
		75F1B2732245113900610496 /* Release */ = {
			isa = XCBuildConfiguration;
			buildSettings = {
				ALWAYS_EMBED_SWIFT_STANDARD_LIBRARIES = YES;
				BUNDLE_LOADER = "$(TEST_HOST)";
				CODE_SIGN_STYLE = Automatic;
				INFOPLIST_FILE = GetBlueTests/Info.plist;
				LD_RUNPATH_SEARCH_PATHS = (
					"$(inherited)",
					"@executable_path/Frameworks",
					"@loader_path/Frameworks",
				);
				PRODUCT_BUNDLE_IDENTIFIER = com.dmm.GetBlueTests;
				PRODUCT_NAME = "$(TARGET_NAME)";
				SWIFT_VERSION = 4.2;
				TARGETED_DEVICE_FAMILY = "1,2";
				TEST_HOST = "$(BUILT_PRODUCTS_DIR)/GetBlue.app/GetBlue";
			};
			name = Release;
		};
		75F1B2752245113900610496 /* Debug */ = {
			isa = XCBuildConfiguration;
			buildSettings = {
				ALWAYS_EMBED_SWIFT_STANDARD_LIBRARIES = YES;
				CODE_SIGN_STYLE = Automatic;
				INFOPLIST_FILE = GetBlueUITests/Info.plist;
				LD_RUNPATH_SEARCH_PATHS = (
					"$(inherited)",
					"@executable_path/Frameworks",
					"@loader_path/Frameworks",
				);
				PRODUCT_BUNDLE_IDENTIFIER = com.dmm.GetBlueUITests;
				PRODUCT_NAME = "$(TARGET_NAME)";
				SWIFT_VERSION = 4.2;
				TARGETED_DEVICE_FAMILY = "1,2";
				TEST_TARGET_NAME = GetBlue;
			};
			name = Debug;
		};
		75F1B2762245113900610496 /* Release */ = {
			isa = XCBuildConfiguration;
			buildSettings = {
				ALWAYS_EMBED_SWIFT_STANDARD_LIBRARIES = YES;
				CODE_SIGN_STYLE = Automatic;
				INFOPLIST_FILE = GetBlueUITests/Info.plist;
				LD_RUNPATH_SEARCH_PATHS = (
					"$(inherited)",
					"@executable_path/Frameworks",
					"@loader_path/Frameworks",
				);
				PRODUCT_BUNDLE_IDENTIFIER = com.dmm.GetBlueUITests;
				PRODUCT_NAME = "$(TARGET_NAME)";
				SWIFT_VERSION = 4.2;
				TARGETED_DEVICE_FAMILY = "1,2";
				TEST_TARGET_NAME = GetBlue;
			};
			name = Release;
		};
/* End XCBuildConfiguration section */

/* Begin XCConfigurationList section */
		75F1B2412245113700610496 /* Build configuration list for PBXProject "GetBlue" */ = {
			isa = XCConfigurationList;
			buildConfigurations = (
				75F1B26C2245113900610496 /* Debug */,
				75F1B26D2245113900610496 /* Release */,
			);
			defaultConfigurationIsVisible = 0;
			defaultConfigurationName = Release;
		};
		75F1B26E2245113900610496 /* Build configuration list for PBXNativeTarget "GetBlue" */ = {
			isa = XCConfigurationList;
			buildConfigurations = (
				75F1B26F2245113900610496 /* Debug */,
				75F1B2702245113900610496 /* Release */,
			);
			defaultConfigurationIsVisible = 0;
			defaultConfigurationName = Release;
		};
		75F1B2712245113900610496 /* Build configuration list for PBXNativeTarget "GetBlueTests" */ = {
			isa = XCConfigurationList;
			buildConfigurations = (
				75F1B2722245113900610496 /* Debug */,
				75F1B2732245113900610496 /* Release */,
			);
			defaultConfigurationIsVisible = 0;
			defaultConfigurationName = Release;
		};
		75F1B2742245113900610496 /* Build configuration list for PBXNativeTarget "GetBlueUITests" */ = {
			isa = XCConfigurationList;
			buildConfigurations = (
				75F1B2752245113900610496 /* Debug */,
				75F1B2762245113900610496 /* Release */,
			);
			defaultConfigurationIsVisible = 0;
			defaultConfigurationName = Release;
		};
/* End XCConfigurationList section */
	};
	rootObject = 75F1B23E2245113700610496 /* Project object */;
}
